
Microsoft Visual Studio Solution File, Format Version 12.00
# Visual Studio Version 17
VisualStudioVersion = 17.14.36414.22
MinimumVisualStudioVersion = 10.0.40219.1
Project("{2150E333-8FDC-42A3-9474-1A3956D46DE8}") = "Task0", "Task0", "{02EA681E-C7D8-13C7-8484-4AC65E1B71E8}"
EndProject
Project("{FAE04EC0-301F-11D3-BF4B-00C04F79EFBC}") = "Tyuiu.chernyhim.Sprint2.Task0.V22", "Tyuiu.chernyhim.Sprint2.Task0.V22\Tyuiu.chernyhim.Sprint2.Task0.V22.csproj", "{1366B0C6-B520-4581-9736-49907E08989F}"
EndProject
Project("{FAE04EC0-301F-11D3-BF4B-00C04F79EFBC}") = "Tyuiu.chernyhim.Sprint2.Task0.V22.Test", "Tyuiu.chernyhim.Sprint2.Task0.V22.Test\Tyuiu.chernyhim.Sprint2.Task0.V22.Test.csproj", "{6AF4EB72-026C-4DC1-8E5E-5A16285D2E76}"
EndProject
Project("{FAE04EC0-301F-11D3-BF4B-00C04F79EFBC}") = "Tyuiu.chernyhim.Sprint2.Task0.V22.Lib", "Tyuiu.chernyhim.Sprint2.Task0.V22.Lib\Tyuiu.chernyhim.Sprint2.Task0.V22.Lib.csproj", "{8413CEDB-69D7-4260-9ED9-8C411504F55D}"
EndProject
Project("{2150E333-8FDC-42A3-9474-1A3956D46DE8}") = "Task1", "Task1", "{13CCCEA7-AB5F-45AC-8C9F-588BB5025DC4}"
EndProject
Project("{FAE04EC0-301F-11D3-BF4B-00C04F79EFBC}") = "Tyuiu.chernyhim.Sprint2.Task1.V11", "Tyuiu.chernyhim.Sprint2.Task1.V11\Tyuiu.chernyhim.Sprint2.Task1.V11.csproj", "{58912564-699C-4054-B38C-65621CB09134}"
EndProject
Project("{FAE04EC0-301F-11D3-BF4B-00C04F79EFBC}") = "Tyuiu.chernyhim.Sprint2.Task1.V11.Lib", "Tyuiu.chernyhim.Sprint2.Task1.V11.Lib\Tyuiu.chernyhim.Sprint2.Task1.V11.Lib.csproj", "{1BA2FAB5-1164-4B66-AE1B-A7AB0ED0EF08}"
EndProject
Project("{FAE04EC0-301F-11D3-BF4B-00C04F79EFBC}") = "Tyuiu.chernyhim.Sprint2.Task1.V11.Test", "Tyuiu.chernyhim.Sprint2.Task1.V11.Test\Tyuiu.chernyhim.Sprint2.Task1.V11.Test.csproj", "{72C05D91-4712-454C-9F4E-F5695933341E}"
EndProject
Project("{2150E333-8FDC-42A3-9474-1A3956D46DE8}") = "Task2", "Task2", "{89080DBB-08EA-42FF-8FD7-B7FF37956CFB}"
EndProject
Project("{FAE04EC0-301F-11D3-BF4B-00C04F79EFBC}") = "Tyuiu.chernyhim.Sprint2.Task2.V20", "Tyuiu.chernyhim.Sprint2.Task2.V20\Tyuiu.chernyhim.Sprint2.Task2.V20.csproj", "{275C7C92-F7F7-4A4D-B689-8E480548FE70}"
EndProject
Project("{FAE04EC0-301F-11D3-BF4B-00C04F79EFBC}") = "Tyuiu.chernyhim.Sprint2.Task2.V20.Lib", "Tyuiu.chernyhim.Sprint2.Task2.V20.Lib\Tyuiu.chernyhim.Sprint2.Task2.V20.Lib.csproj", "{926B974F-99A9-4AC6-972E-2FD4FCE73B78}"
EndProject
Project("{FAE04EC0-301F-11D3-BF4B-00C04F79EFBC}") = "Tyuiu.chernyhim.Sprint2.Task2.V20.Test", "Tyuiu.chernyhim.Sprint2.Task2.V20.Test\Tyuiu.chernyhim.Sprint2.Task2.V20.Test.csproj", "{B7920F14-A371-42C2-BCFF-A8D4812D2EF9}"
EndProject
Project("{2150E333-8FDC-42A3-9474-1A3956D46DE8}") = "Task3", "Task3", "{5F5D458B-9935-4ED0-9FB2-FE6DA08BB6DB}"
EndProject
Project("{FAE04EC0-301F-11D3-BF4B-00C04F79EFBC}") = "Tyuiu.chernyhim.Sprint2.Task3.V29", "Tyuiu.chernyhim.Sprint2.Task3.V29\Tyuiu.chernyhim.Sprint2.Task3.V29.csproj", "{6597E521-8568-40E8-B93F-27A81CFD7FA9}"
EndProject
Project("{FAE04EC0-301F-11D3-BF4B-00C04F79EFBC}") = "Tyuiu.chernyhim.Sprint2.Task3.V29.Test", "Tyuiu.chernyhim.Sprint2.Task3.V29.Test\Tyuiu.chernyhim.Sprint2.Task3.V29.Test.csproj", "{0E3EC375-6F98-472D-8993-6F63FC07441C}"
EndProject
Project("{FAE04EC0-301F-11D3-BF4B-00C04F79EFBC}") = "Tyuiu.chernyhim.Sprint2.Task3.V29.Lib", "Tyuiu.chernyhim.Sprint2.Task3.V29.Lib\Tyuiu.chernyhim.Sprint2.Task3.V29.Lib.csproj", "{9F8D21F7-DC45-47FE-AADA-C02C697C1B49}"
EndProject
Global
	GlobalSection(SolutionConfigurationPlatforms) = preSolution
		Debug|Any CPU = Debug|Any CPU
		Release|Any CPU = Release|Any CPU
	EndGlobalSection
	GlobalSection(ProjectConfigurationPlatforms) = postSolution
		{1366B0C6-B520-4581-9736-49907E08989F}.Debug|Any CPU.ActiveCfg = Debug|Any CPU
		{1366B0C6-B520-4581-9736-49907E08989F}.Debug|Any CPU.Build.0 = Debug|Any CPU
		{1366B0C6-B520-4581-9736-49907E08989F}.Release|Any CPU.ActiveCfg = Release|Any CPU
		{1366B0C6-B520-4581-9736-49907E08989F}.Release|Any CPU.Build.0 = Release|Any CPU
		{6AF4EB72-026C-4DC1-8E5E-5A16285D2E76}.Debug|Any CPU.ActiveCfg = Debug|Any CPU
		{6AF4EB72-026C-4DC1-8E5E-5A16285D2E76}.Debug|Any CPU.Build.0 = Debug|Any CPU
		{6AF4EB72-026C-4DC1-8E5E-5A16285D2E76}.Release|Any CPU.ActiveCfg = Release|Any CPU
		{6AF4EB72-026C-4DC1-8E5E-5A16285D2E76}.Release|Any CPU.Build.0 = Release|Any CPU
		{8413CEDB-69D7-4260-9ED9-8C411504F55D}.Debug|Any CPU.ActiveCfg = Debug|Any CPU
		{8413CEDB-69D7-4260-9ED9-8C411504F55D}.Debug|Any CPU.Build.0 = Debug|Any CPU
		{8413CEDB-69D7-4260-9ED9-8C411504F55D}.Release|Any CPU.ActiveCfg = Release|Any CPU
		{8413CEDB-69D7-4260-9ED9-8C411504F55D}.Release|Any CPU.Build.0 = Release|Any CPU
		{58912564-699C-4054-B38C-65621CB09134}.Debug|Any CPU.ActiveCfg = Debug|Any CPU
		{58912564-699C-4054-B38C-65621CB09134}.Debug|Any CPU.Build.0 = Debug|Any CPU
		{58912564-699C-4054-B38C-65621CB09134}.Release|Any CPU.ActiveCfg = Release|Any CPU
		{58912564-699C-4054-B38C-65621CB09134}.Release|Any CPU.Build.0 = Release|Any CPU
		{1BA2FAB5-1164-4B66-AE1B-A7AB0ED0EF08}.Debug|Any CPU.ActiveCfg = Debug|Any CPU
		{1BA2FAB5-1164-4B66-AE1B-A7AB0ED0EF08}.Debug|Any CPU.Build.0 = Debug|Any CPU
		{1BA2FAB5-1164-4B66-AE1B-A7AB0ED0EF08}.Release|Any CPU.ActiveCfg = Release|Any CPU
		{1BA2FAB5-1164-4B66-AE1B-A7AB0ED0EF08}.Release|Any CPU.Build.0 = Release|Any CPU
		{72C05D91-4712-454C-9F4E-F5695933341E}.Debug|Any CPU.ActiveCfg = Debug|Any CPU
		{72C05D91-4712-454C-9F4E-F5695933341E}.Debug|Any CPU.Build.0 = Debug|Any CPU
		{72C05D91-4712-454C-9F4E-F5695933341E}.Release|Any CPU.ActiveCfg = Release|Any CPU
		{72C05D91-4712-454C-9F4E-F5695933341E}.Release|Any CPU.Build.0 = Release|Any CPU
		{275C7C92-F7F7-4A4D-B689-8E480548FE70}.Debug|Any CPU.ActiveCfg = Debug|Any CPU
		{275C7C92-F7F7-4A4D-B689-8E480548FE70}.Debug|Any CPU.Build.0 = Debug|Any CPU
		{275C7C92-F7F7-4A4D-B689-8E480548FE70}.Release|Any CPU.ActiveCfg = Release|Any CPU
		{275C7C92-F7F7-4A4D-B689-8E480548FE70}.Release|Any CPU.Build.0 = Release|Any CPU
		{926B974F-99A9-4AC6-972E-2FD4FCE73B78}.Debug|Any CPU.ActiveCfg = Debug|Any CPU
		{926B974F-99A9-4AC6-972E-2FD4FCE73B78}.Debug|Any CPU.Build.0 = Debug|Any CPU
		{926B974F-99A9-4AC6-972E-2FD4FCE73B78}.Release|Any CPU.ActiveCfg = Release|Any CPU
		{926B974F-99A9-4AC6-972E-2FD4FCE73B78}.Release|Any CPU.Build.0 = Release|Any CPU
		{B7920F14-A371-42C2-BCFF-A8D4812D2EF9}.Debug|Any CPU.ActiveCfg = Debug|Any CPU
		{B7920F14-A371-42C2-BCFF-A8D4812D2EF9}.Debug|Any CPU.Build.0 = Debug|Any CPU
		{B7920F14-A371-42C2-BCFF-A8D4812D2EF9}.Release|Any CPU.ActiveCfg = Release|Any CPU
		{B7920F14-A371-42C2-BCFF-A8D4812D2EF9}.Release|Any CPU.Build.0 = Release|Any CPU
		{6597E521-8568-40E8-B93F-27A81CFD7FA9}.Debug|Any CPU.ActiveCfg = Debug|Any CPU
		{6597E521-8568-40E8-B93F-27A81CFD7FA9}.Debug|Any CPU.Build.0 = Debug|Any CPU
		{6597E521-8568-40E8-B93F-27A81CFD7FA9}.Release|Any CPU.ActiveCfg = Release|Any CPU
		{6597E521-8568-40E8-B93F-27A81CFD7FA9}.Release|Any CPU.Build.0 = Release|Any CPU
		{0E3EC375-6F98-472D-8993-6F63FC07441C}.Debug|Any CPU.ActiveCfg = Debug|Any CPU
		{0E3EC375-6F98-472D-8993-6F63FC07441C}.Debug|Any CPU.Build.0 = Debug|Any CPU
		{0E3EC375-6F98-472D-8993-6F63FC07441C}.Release|Any CPU.ActiveCfg = Release|Any CPU
		{0E3EC375-6F98-472D-8993-6F63FC07441C}.Release|Any CPU.Build.0 = Release|Any CPU
		{9F8D21F7-DC45-47FE-AADA-C02C697C1B49}.Debug|Any CPU.ActiveCfg = Debug|Any CPU
		{9F8D21F7-DC45-47FE-AADA-C02C697C1B49}.Debug|Any CPU.Build.0 = Debug|Any CPU
		{9F8D21F7-DC45-47FE-AADA-C02C697C1B49}.Release|Any CPU.ActiveCfg = Release|Any CPU
		{9F8D21F7-DC45-47FE-AADA-C02C697C1B49}.Release|Any CPU.Build.0 = Release|Any CPU
	EndGlobalSection
	GlobalSection(SolutionProperties) = preSolution
		HideSolutionNode = FALSE
	EndGlobalSection
	GlobalSection(NestedProjects) = preSolution
		{1366B0C6-B520-4581-9736-49907E08989F} = {02EA681E-C7D8-13C7-8484-4AC65E1B71E8}
		{6AF4EB72-026C-4DC1-8E5E-5A16285D2E76} = {02EA681E-C7D8-13C7-8484-4AC65E1B71E8}
		{8413CEDB-69D7-4260-9ED9-8C411504F55D} = {02EA681E-C7D8-13C7-8484-4AC65E1B71E8}
		{58912564-699C-4054-B38C-65621CB09134} = {13CCCEA7-AB5F-45AC-8C9F-588BB5025DC4}
		{1BA2FAB5-1164-4B66-AE1B-A7AB0ED0EF08} = {13CCCEA7-AB5F-45AC-8C9F-588BB5025DC4}
		{72C05D91-4712-454C-9F4E-F5695933341E} = {13CCCEA7-AB5F-45AC-8C9F-588BB5025DC4}
		{275C7C92-F7F7-4A4D-B689-8E480548FE70} = {89080DBB-08EA-42FF-8FD7-B7FF37956CFB}
		{926B974F-99A9-4AC6-972E-2FD4FCE73B78} = {89080DBB-08EA-42FF-8FD7-B7FF37956CFB}
		{B7920F14-A371-42C2-BCFF-A8D4812D2EF9} = {89080DBB-08EA-42FF-8FD7-B7FF37956CFB}
		{6597E521-8568-40E8-B93F-27A81CFD7FA9} = {5F5D458B-9935-4ED0-9FB2-FE6DA08BB6DB}
		{0E3EC375-6F98-472D-8993-6F63FC07441C} = {5F5D458B-9935-4ED0-9FB2-FE6DA08BB6DB}
		{9F8D21F7-DC45-47FE-AADA-C02C697C1B49} = {5F5D458B-9935-4ED0-9FB2-FE6DA08BB6DB}
	EndGlobalSection
	GlobalSection(ExtensibilityGlobals) = postSolution
		SolutionGuid = {0B4D77DE-9887-4213-A964-944FE90932C3}
	EndGlobalSection
EndGlobal
